// !$*UTF8*$!
{
	archiveVersion = 1;
	classes = {
	};
	objectVersion = 56;
	objects = {

/* Begin PBXBuildFile section */
		3526E8DC4B4040B3B301B6E4 /* ContentView.swift in Sources */ = {isa = PBXBuildFile; fileRef = 59D30DFD76784233835137A1 /* ContentView.swift */; };
		64B7317FACCF4E9A805327FA /* PomodoroViewModel.swift in Sources */ = {isa = PBXBuildFile; fileRef = F3B4B6A9CDF947A480FF30C6 /* PomodoroViewModel.swift */; };
		6AD68413344F4F6BB02ED37E /* PomodoroTimer.swift in Sources */ = {isa = PBXBuildFile; fileRef = 41DF21E8709B4D63958CDB9F /* PomodoroTimer.swift */; };
		7123CC04D4F343F488EE7BF4 /* PomodoroSyncManager.swift in Sources */ = {isa = PBXBuildFile; fileRef = 847FF638E9B94262B94B573E /* PomodoroSyncManager.swift */; };
		97923C82A2104430A18416A3 /* PomodoroSharedModels.swift in Sources */ = {isa = PBXBuildFile; fileRef = 49ED3A160B3E493EA6AEB1AB /* PomodoroSharedModels.swift */; };
		E3A29B4E646B486599142E7C /* Assets.xcassets in Resources */ = {isa = PBXBuildFile; fileRef = C861E288419349D59C7E46E1 /* Assets.xcassets */; };
		F7584C03B12645AD98D8D196 /* PomafocusiOSApp.swift in Sources */ = {isa = PBXBuildFile; fileRef = B95DAE4F856D463099577503 /* PomafocusiOSApp.swift */; };
/* End PBXBuildFile section */

/* Begin PBXFileReference section */
		41DF21E8709B4D63958CDB9F /* PomodoroTimer.swift */ = {isa = PBXFileReference; lastKnownFileType = sourcecode.swift; path = PomodoroTimer.swift; sourceTree = "<group>"; };
		49ED3A160B3E493EA6AEB1AB /* PomodoroSharedModels.swift */ = {isa = PBXFileReference; lastKnownFileType = sourcecode.swift; path = PomodoroSharedModels.swift; sourceTree = "<group>"; };
		548A00E1DBB94E16ADDC66CD /* Info.plist */ = {isa = PBXFileReference; lastKnownFileType = text.plist.xml; path = Info.plist; sourceTree = "<group>"; };
		6AD68413344F4F6BB02ED37F /* PomafocusiOS.entitlements */ = {isa = PBXFileReference; lastKnownFileType = text.plist.entitlements; path = PomafocusiOS.entitlements; sourceTree = "<group>"; };
		59D30DFD76784233835137A1 /* ContentView.swift */ = {isa = PBXFileReference; lastKnownFileType = sourcecode.swift; path = ContentView.swift; sourceTree = "<group>"; };
		629FCFBE28A44DE29337BA17 /* PomafocusiOS.app */ = {isa = PBXFileReference; explicitFileType = wrapper.application; includeInIndex = 0; path = PomafocusiOS.app; sourceTree = BUILT_PRODUCTS_DIR; };
		847FF638E9B94262B94B573E /* PomodoroSyncManager.swift */ = {isa = PBXFileReference; lastKnownFileType = sourcecode.swift; path = PomodoroSyncManager.swift; sourceTree = "<group>"; };
		B95DAE4F856D463099577503 /* PomafocusiOSApp.swift */ = {isa = PBXFileReference; lastKnownFileType = sourcecode.swift; path = PomafocusiOSApp.swift; sourceTree = "<group>"; };
		C861E288419349D59C7E46E1 /* Assets.xcassets */ = {isa = PBXFileReference; lastKnownFileType = folder.assetcatalog; path = Assets.xcassets; sourceTree = "<group>"; };
		F3B4B6A9CDF947A480FF30C6 /* PomodoroViewModel.swift */ = {isa = PBXFileReference; lastKnownFileType = sourcecode.swift; path = PomodoroViewModel.swift; sourceTree = "<group>"; };
/* End PBXFileReference section */

/* Begin PBXFrameworksBuildPhase section */
		BB5EC1D8A519402BB1DC202A /* Frameworks */ = {
			isa = PBXFrameworksBuildPhase;
			buildActionMask = 2147483647;
			files = (
			);
			runOnlyForDeploymentPostprocessing = 0;
		};
/* End PBXFrameworksBuildPhase section */

/* Begin PBXGroup section */
		2EFFB787742F4570B100C72D = {
			isa = PBXGroup;
			children = (
				66BB5C0451D846998AF81A59 /* PomafocusiOS */,
				B764B7A907F64031AE309AF9 /* Products */,
			);
			sourceTree = "<group>";
		};
		66BB5C0451D846998AF81A59 /* PomafocusiOS */ = {
			isa = PBXGroup;
			children = (
				B95DAE4F856D463099577503 /* PomafocusiOSApp.swift */,
				59D30DFD76784233835137A1 /* ContentView.swift */,
				F3B4B6A9CDF947A480FF30C6 /* PomodoroViewModel.swift */,
				798BC7F0E75043E3B862317C /* Shared Kit */,
				C861E288419349D59C7E46E1 /* Assets.xcassets */,
				548A00E1DBB94E16ADDC66CD /* Info.plist */,
				6AD68413344F4F6BB02ED37F /* PomafocusiOS.entitlements */,
			);
			path = PomafocusiOS;
			sourceTree = "<group>";
		};
		798BC7F0E75043E3B862317C /* Shared Kit */ = {
			isa = PBXGroup;
			children = (
				41DF21E8709B4D63958CDB9F /* PomodoroTimer.swift */,
				49ED3A160B3E493EA6AEB1AB /* PomodoroSharedModels.swift */,
				847FF638E9B94262B94B573E /* PomodoroSyncManager.swift */,
			);
			name = "Shared Kit";
			path = ../../Sources/PomafocusKit;
			sourceTree = "<group>";
		};
		B764B7A907F64031AE309AF9 /* Products */ = {
			isa = PBXGroup;
			children = (
				629FCFBE28A44DE29337BA17 /* PomafocusiOS.app */,
			);
			name = Products;
			sourceTree = "<group>";
		};
/* End PBXGroup section */

/* Begin PBXNativeTarget section */
		DF83737738804F7896F28A4F /* PomafocusiOS */ = {
			isa = PBXNativeTarget;
			buildConfigurationList = 3A4529BF50EA43BCBA4E8477 /* Build configuration list for PBXNativeTarget "PomafocusiOS" */;
			buildPhases = (
				FC3D22CDBD91403B9514A76 /* Sources */,
				BB5EC1D8A519402BB1DC202A /* Frameworks */,
				940BF87B48A34792801A0A74 /* Resources */,
			);
			buildRules = (
			);
			dependencies = (
			);
			name = PomafocusiOS;
			productName = PomafocusiOS;
			productReference = 629FCFBE28A44DE29337BA17 /* PomafocusiOS.app */;
			productType = "com.apple.product-type.application";
		};
/* End PBXNativeTarget section */

/* Begin PBXProject section */
		D2C477A70CFC476DBE44EF6F /* Project object */ = {
			isa = PBXProject;
			attributes = {
				LastSwiftUpdateCheck = 1530;
				LastUpgradeCheck = 1530;
				TargetAttributes = {
					DF83737738804F7896F28A4F = {
						CreatedOnToolsVersion = 15.3.0;
					};
				};
			};
			buildConfigurationList = B045415FD21E4ADB960B5EF1 /* Build configuration list for PBXProject "PomafocusiOS" */;
			compatibilityVersion = "Xcode 14.0";
			developmentRegion = en;
			hasScannedForEncodings = 0;
			knownRegions = (
				en,
			);
			mainGroup = 2EFFB787742F4570B100C72D;
			productRefGroup = B764B7A907F64031AE309AF9 /* Products */;
			projectDirPath = "";
			projectRoot = "";
			targets = (
				DF83737738804F7896F28A4F /* PomafocusiOS */,
			);
		};
/* End PBXProject section */

/* Begin PBXResourcesBuildPhase section */
		940BF87B48A34792801A0A74 /* Resources */ = {
			isa = PBXResourcesBuildPhase;
			buildActionMask = 2147483647;
			files = (
				E3A29B4E646B486599142E7C /* Assets.xcassets in Resources */,
			);
			runOnlyForDeploymentPostprocessing = 0;
		};
/* End PBXResourcesBuildPhase section */

/* Begin PBXSourcesBuildPhase section */
		FC3D22CDBD91403B9514A76 /* Sources */ = {
			isa = PBXSourcesBuildPhase;
			buildActionMask = 2147483647;
			files = (
				F7584C03B12645AD98D8D196 /* PomafocusiOSApp.swift in Sources */,
				3526E8DC4B4040B3B301B6E4 /* ContentView.swift in Sources */,
				64B7317FACCF4E9A805327FA /* PomodoroViewModel.swift in Sources */,
				6AD68413344F4F6BB02ED37E /* PomodoroTimer.swift in Sources */,
				97923C82A2104430A18416A3 /* PomodoroSharedModels.swift in Sources */,
				7123CC04D4F343F488EE7BF4 /* PomodoroSyncManager.swift in Sources */,
			);
			runOnlyForDeploymentPostprocessing = 0;
		};
/* End PBXSourcesBuildPhase section */

/* Begin XCBuildConfiguration section */
		07E4CBA7676B47EB80B5D796 /* Debug */ = {
			isa = XCBuildConfiguration;
			buildSettings = {
				ASSETCATALOG_COMPILER_APPICON_NAME = AppIcon;
				CODE_SIGN_ENTITLEMENTS = PomafocusiOS/PomafocusiOS.entitlements;
				CODE_SIGN_STYLE = Automatic;
				CURRENT_PROJECT_VERSION = 1;
				DEVELOPMENT_TEAM = P2JY2TP8RZ;
				INFOPLIST_FILE = PomafocusiOS/Info.plist;
				IPHONEOS_DEPLOYMENT_TARGET = 16.0;
				LD_RUNPATH_SEARCH_PATHS = (
					"$(inherited)",
					"@executable_path/Frameworks",
				);
				MARKETING_VERSION = 1.0;
				PRODUCT_BUNDLE_IDENTIFIER = com.staskus.pomafocus.ios;
				PRODUCT_NAME = "$(TARGET_NAME)";
				SWIFT_EMIT_LOC_STRINGS = YES;
				SWIFT_VERSION = 5.10;
				TARGETED_DEVICE_FAMILY = "1,2";
			};
			name = Debug;
		};
		3DBD0D08407F4E2297D76E08 /* Release */ = {
			isa = XCBuildConfiguration;
			buildSettings = {
				ASSETCATALOG_COMPILER_APPICON_NAME = AppIcon;
				CODE_SIGN_ENTITLEMENTS = PomafocusiOS/PomafocusiOS.entitlements;
				CODE_SIGN_STYLE = Automatic;
				CURRENT_PROJECT_VERSION = 1;
				DEVELOPMENT_TEAM = P2JY2TP8RZ;
				INFOPLIST_FILE = PomafocusiOS/Info.plist;
				IPHONEOS_DEPLOYMENT_TARGET = 16.0;
				LD_RUNPATH_SEARCH_PATHS = (
					"$(inherited)",
					"@executable_path/Frameworks",
				);
				MARKETING_VERSION = 1.0;
				PRODUCT_BUNDLE_IDENTIFIER = com.staskus.pomafocus.ios;
				PRODUCT_NAME = "$(TARGET_NAME)";
				SWIFT_EMIT_LOC_STRINGS = YES;
				SWIFT_VERSION = 5.10;
				TARGETED_DEVICE_FAMILY = "1,2";
			};
			name = Release;
		};
		894918A431974C16A9DFEC1A /* Debug */ = {
			isa = XCBuildConfiguration;
			buildSettings = {
				ALWAYS_SEARCH_USER_PATHS = NO;
				CLANG_ANALYZER_NONNULL = YES;
				CLANG_ANALYZER_NUMBER_OBJECT_CONVERSION = YES_AGGRESSIVE;
				CLANG_CXX_LANGUAGE_STANDARD = "gnu++20";
				CLANG_ENABLE_MODULES = YES;
				CLANG_ENABLE_OBJC_ARC = YES;
				CLANG_WARN_BLOCK_CAPTURE_AUTORELEASING = YES;
				CLANG_WARN_BOOL_CONVERSION = YES;
				CLANG_WARN_COMMA = YES;
				CLANG_WARN_CONSTANT_CONVERSION = YES;
				CLANG_WARN_DEPRECATED_OBJC_IMPLEMENTATIONS = YES;
				CLANG_WARN_DIRECT_OBJC_ISA_USAGE = YES_ERROR;
				CLANG_WARN_DOCUMENTATION_COMMENTS = YES;
				CLANG_WARN_EMPTY_BODY = YES;
				CLANG_WARN_ENUM_CONVERSION = YES;
				CLANG_WARN_INFINITE_RECURSION = YES;
				CLANG_WARN_INT_CONVERSION = YES;
				CLANG_WARN_NON_LITERAL_NULL_CONVERSION = YES;
				CLANG_WARN_OBJC_IMPLICIT_RETAIN_SELF = YES;
				CLANG_WARN_OBJC_LITERAL_CONVERSION = YES;
				CLANG_WARN_QUOTED_INCLUDE_IN_FRAMEWORK_HEADER = YES;
				CLANG_WARN_RANGE_LOOP_ANALYSIS = YES;
				CLANG_WARN_STRICT_PROTOTYPES = YES;
				CLANG_WARN_SUSPICIOUS_MOVE = YES;
				CLANG_WARN_UNGUARDED_AVAILABILITY = YES_AGGRESSIVE;
				COPY_PHASE_STRIP = NO;
				DEBUG_INFORMATION_FORMAT = dwarf;
				ENABLE_STRICT_OBJC_MSGSEND = YES;
				ENABLE_TESTABILITY = YES;
				GCC_C_LANGUAGE_STANDARD = gnu17;
				GCC_NO_COMMON_BLOCKS = YES;
				GCC_WARN_64_TO_32_BIT_CONVERSION = YES;
				GCC_WARN_ABOUT_RETURN_TYPE = YES_ERROR;
				GCC_WARN_UNDECLARED_SELECTOR = YES;
				GCC_WARN_UNINITIALIZED_AUTOS = YES_AGGRESSIVE;
				GCC_WARN_UNUSED_FUNCTION = YES;
				GCC_WARN_UNUSED_VARIABLE = YES;
				IPHONEOS_DEPLOYMENT_TARGET = 16.0;
				ONLY_ACTIVE_ARCH = YES;
				PRODUCT_NAME = "$(TARGET_NAME)";
				SDKROOT = iphoneos;
				SUPPORTED_PLATFORMS = "iphonesimulator iphoneos";
				SWIFT_ACTIVE_COMPILATION_CONDITIONS = DEBUG;
				SWIFT_OPTIMIZATION_LEVEL = "-Onone";
			};
			name = Debug;
		};
		C8D5FCB459A7451EB3F2310E /* Release */ = {
			isa = XCBuildConfiguration;
			buildSettings = {
				ALWAYS_SEARCH_USER_PATHS = NO;
				CLANG_ANALYZER_NONNULL = YES;
				CLANG_ANALYZER_NUMBER_OBJECT_CONVERSION = YES_AGGRESSIVE;
				CLANG_CXX_LANGUAGE_STANDARD = "gnu++20";
				CLANG_ENABLE_MODULES = YES;
				CLANG_ENABLE_OBJC_ARC = YES;
				CLANG_WARN_BLOCK_CAPTURE_AUTORELEASING = YES;
				CLANG_WARN_BOOL_CONVERSION = YES;
				CLANG_WARN_COMMA = YES;
				CLANG_WARN_CONSTANT_CONVERSION = YES;
				CLANG_WARN_DEPRECATED_OBJC_IMPLEMENTATIONS = YES;
				CLANG_WARN_DIRECT_OBJC_ISA_USAGE = YES_ERROR;
				CLANG_WARN_DOCUMENTATION_COMMENTS = YES;
				CLANG_WARN_EMPTY_BODY = YES;
				CLANG_WARN_ENUM_CONVERSION = YES;
				CLANG_WARN_INFINITE_RECURSION = YES;
				CLANG_WARN_INT_CONVERSION = YES;
				CLANG_WARN_NON_LITERAL_NULL_CONVERSION = YES;
				CLANG_WARN_OBJC_IMPLICIT_RETAIN_SELF = YES;
				CLANG_WARN_OBJC_LITERAL_CONVERSION = YES;
				CLANG_WARN_QUOTED_INCLUDE_IN_FRAMEWORK_HEADER = YES;
				CLANG_WARN_RANGE_LOOP_ANALYSIS = YES;
				CLANG_WARN_STRICT_PROTOTYPES = YES;
				CLANG_WARN_SUSPICIOUS_MOVE = YES;
				CLANG_WARN_UNGUARDED_AVAILABILITY = YES_AGGRESSIVE;
				COPY_PHASE_STRIP = NO;
				DEBUG_INFORMATION_FORMAT = "dwarf-with-dsym";
				ENABLE_NS_ASSERTIONS = NO;
				ENABLE_STRICT_OBJC_MSGSEND = YES;
				GCC_C_LANGUAGE_STANDARD = gnu17;
				GCC_NO_COMMON_BLOCKS = YES;
				GCC_WARN_64_TO_32_BIT_CONVERSION = YES;
				GCC_WARN_ABOUT_RETURN_TYPE = YES_ERROR;
				GCC_WARN_UNDECLARED_SELECTOR = YES;
				GCC_WARN_UNINITIALIZED_AUTOS = YES_AGGRESSIVE;
				GCC_WARN_UNUSED_FUNCTION = YES;
				GCC_WARN_UNUSED_VARIABLE = YES;
				IPHONEOS_DEPLOYMENT_TARGET = 16.0;
				PRODUCT_NAME = "$(TARGET_NAME)";
				SDKROOT = iphoneos;
				SUPPORTED_PLATFORMS = "iphonesimulator iphoneos";
				SWIFT_COMPILATION_MODE = wholemodule;
				SWIFT_OPTIMIZATION_LEVEL = "-O";
				VALIDATE_PRODUCT = YES;
			};
			name = Release;
		};
/* End XCBuildConfiguration section */

/* Begin XCConfigurationList section */
		3A4529BF50EA43BCBA4E8477 /* Build configuration list for PBXNativeTarget "PomafocusiOS" */ = {
			isa = XCConfigurationList;
			buildConfigurations = (
				07E4CBA7676B47EB80B5D796 /* Debug */,
				3DBD0D08407F4E2297D76E08 /* Release */,
			);
			defaultConfigurationIsVisible = 0;
			defaultConfigurationName = Release;
		};
		B045415FD21E4ADB960B5EF1 /* Build configuration list for PBXProject "PomafocusiOS" */ = {
			isa = XCConfigurationList;
			buildConfigurations = (
				894918A431974C16A9DFEC1A /* Debug */,
				C8D5FCB459A7451EB3F2310E /* Release */,
			);
			defaultConfigurationIsVisible = 0;
			defaultConfigurationName = Release;
		};
/* End XCConfigurationList section */
	};
	rootObject = D2C477A70CFC476DBE44EF6F /* Project object */;
}
